// !$*UTF8*$!
{
	archiveVersion = 1;
	classes = {
	};
	objectVersion = 50;
	objects = {

/* Begin PBXBuildFile section */
		CD5AD66720B9D2E1001C940F /* AppDelegate.swift in Sources */ = {isa = PBXBuildFile; fileRef = CD5AD66620B9D2E1001C940F /* AppDelegate.swift */; };
		CD5AD66920B9D2E2001C940F /* ViewController.swift in Sources */ = {isa = PBXBuildFile; fileRef = CD5AD66820B9D2E2001C940F /* ViewController.swift */; };
		CD5AD66C20B9D2E2001C940F /* Main.storyboard in Resources */ = {isa = PBXBuildFile; fileRef = CD5AD66A20B9D2E2001C940F /* Main.storyboard */; };
		CD5AD66E20B9D2E4001C940F /* Assets.xcassets in Resources */ = {isa = PBXBuildFile; fileRef = CD5AD66D20B9D2E4001C940F /* Assets.xcassets */; };
		CD5AD67120B9D2E4001C940F /* LaunchScreen.storyboard in Resources */ = {isa = PBXBuildFile; fileRef = CD5AD66F20B9D2E4001C940F /* LaunchScreen.storyboard */; };
		CD5AD67C20B9D2E4001C940F /* CalculatorTests.swift in Sources */ = {isa = PBXBuildFile; fileRef = CD5AD67B20B9D2E4001C940F /* CalculatorTests.swift */; };
		CD5AD68720B9D2E4001C940F /* CalculatorUITests.swift in Sources */ = {isa = PBXBuildFile; fileRef = CD5AD68620B9D2E4001C940F /* CalculatorUITests.swift */; };
/* End PBXBuildFile section */

/* Begin PBXContainerItemProxy section */
		CD5AD67820B9D2E4001C940F /* PBXContainerItemProxy */ = {
			isa = PBXContainerItemProxy;
			containerPortal = CD5AD65B20B9D2E1001C940F /* Project object */;
			proxyType = 1;
			remoteGlobalIDString = CD5AD66220B9D2E1001C940F;
			remoteInfo = Calculator;
		};
		CD5AD68320B9D2E4001C940F /* PBXContainerItemProxy */ = {
			isa = PBXContainerItemProxy;
			containerPortal = CD5AD65B20B9D2E1001C940F /* Project object */;
			proxyType = 1;
			remoteGlobalIDString = CD5AD66220B9D2E1001C940F;
			remoteInfo = Calculator;
		};
/* End PBXContainerItemProxy section */

/* Begin PBXFileReference section */
		CD5AD66320B9D2E1001C940F /* Calculator.app */ = {isa = PBXFileReference; explicitFileType = wrapper.application; includeInIndex = 0; path = Calculator.app; sourceTree = BUILT_PRODUCTS_DIR; };
		CD5AD66620B9D2E1001C940F /* AppDelegate.swift */ = {isa = PBXFileReference; lastKnownFileType = sourcecode.swift; path = AppDelegate.swift; sourceTree = "<group>"; };
		CD5AD66820B9D2E2001C940F /* ViewController.swift */ = {isa = PBXFileReference; lastKnownFileType = sourcecode.swift; path = ViewController.swift; sourceTree = "<group>"; };
		CD5AD66B20B9D2E2001C940F /* Base */ = {isa = PBXFileReference; lastKnownFileType = file.storyboard; name = Base; path = Base.lproj/Main.storyboard; sourceTree = "<group>"; };
		CD5AD66D20B9D2E4001C940F /* Assets.xcassets */ = {isa = PBXFileReference; lastKnownFileType = folder.assetcatalog; path = Assets.xcassets; sourceTree = "<group>"; };
		CD5AD67020B9D2E4001C940F /* Base */ = {isa = PBXFileReference; lastKnownFileType = file.storyboard; name = Base; path = Base.lproj/LaunchScreen.storyboard; sourceTree = "<group>"; };
		CD5AD67220B9D2E4001C940F /* Info.plist */ = {isa = PBXFileReference; lastKnownFileType = text.plist.xml; path = Info.plist; sourceTree = "<group>"; };
		CD5AD67720B9D2E4001C940F /* CalculatorTests.xctest */ = {isa = PBXFileReference; explicitFileType = wrapper.cfbundle; includeInIndex = 0; path = CalculatorTests.xctest; sourceTree = BUILT_PRODUCTS_DIR; };
		CD5AD67B20B9D2E4001C940F /* CalculatorTests.swift */ = {isa = PBXFileReference; lastKnownFileType = sourcecode.swift; path = CalculatorTests.swift; sourceTree = "<group>"; };
		CD5AD67D20B9D2E4001C940F /* Info.plist */ = {isa = PBXFileReference; lastKnownFileType = text.plist.xml; path = Info.plist; sourceTree = "<group>"; };
		CD5AD68220B9D2E4001C940F /* CalculatorUITests.xctest */ = {isa = PBXFileReference; explicitFileType = wrapper.cfbundle; includeInIndex = 0; path = CalculatorUITests.xctest; sourceTree = BUILT_PRODUCTS_DIR; };
		CD5AD68620B9D2E4001C940F /* CalculatorUITests.swift */ = {isa = PBXFileReference; lastKnownFileType = sourcecode.swift; path = CalculatorUITests.swift; sourceTree = "<group>"; };
		CD5AD68820B9D2E4001C940F /* Info.plist */ = {isa = PBXFileReference; lastKnownFileType = text.plist.xml; path = Info.plist; sourceTree = "<group>"; };
/* End PBXFileReference section */

/* Begin PBXFrameworksBuildPhase section */
		CD5AD66020B9D2E1001C940F /* Frameworks */ = {
			isa = PBXFrameworksBuildPhase;
			buildActionMask = 2147483647;
			files = (
			);
			runOnlyForDeploymentPostprocessing = 0;
		};
		CD5AD67420B9D2E4001C940F /* Frameworks */ = {
			isa = PBXFrameworksBuildPhase;
			buildActionMask = 2147483647;
			files = (
			);
			runOnlyForDeploymentPostprocessing = 0;
		};
		CD5AD67F20B9D2E4001C940F /* Frameworks */ = {
			isa = PBXFrameworksBuildPhase;
			buildActionMask = 2147483647;
			files = (
			);
			runOnlyForDeploymentPostprocessing = 0;
		};
/* End PBXFrameworksBuildPhase section */

/* Begin PBXGroup section */
		CD5AD65A20B9D2E1001C940F = {
			isa = PBXGroup;
			children = (
				CD5AD66520B9D2E1001C940F /* Calculator */,
				CD5AD67A20B9D2E4001C940F /* CalculatorTests */,
				CD5AD68520B9D2E4001C940F /* CalculatorUITests */,
				CD5AD66420B9D2E1001C940F /* Products */,
			);
			sourceTree = "<group>";
		};
		CD5AD66420B9D2E1001C940F /* Products */ = {
			isa = PBXGroup;
			children = (
				CD5AD66320B9D2E1001C940F /* Calculator.app */,
				CD5AD67720B9D2E4001C940F /* CalculatorTests.xctest */,
				CD5AD68220B9D2E4001C940F /* CalculatorUITests.xctest */,
			);
			name = Products;
			sourceTree = "<group>";
		};
		CD5AD66520B9D2E1001C940F /* Calculator */ = {
			isa = PBXGroup;
			children = (
				CD5AD66620B9D2E1001C940F /* AppDelegate.swift */,
				CD5AD66820B9D2E2001C940F /* ViewController.swift */,
				CD5AD66A20B9D2E2001C940F /* Main.storyboard */,
				CD5AD66D20B9D2E4001C940F /* Assets.xcassets */,
				CD5AD66F20B9D2E4001C940F /* LaunchScreen.storyboard */,
				CD5AD67220B9D2E4001C940F /* Info.plist */,
			);
			path = Calculator;
			sourceTree = "<group>";
		};
		CD5AD67A20B9D2E4001C940F /* CalculatorTests */ = {
			isa = PBXGroup;
			children = (
				CD5AD67B20B9D2E4001C940F /* CalculatorTests.swift */,
				CD5AD67D20B9D2E4001C940F /* Info.plist */,
			);
			path = CalculatorTests;
			sourceTree = "<group>";
		};
		CD5AD68520B9D2E4001C940F /* CalculatorUITests */ = {
			isa = PBXGroup;
			children = (
				CD5AD68620B9D2E4001C940F /* CalculatorUITests.swift */,
				CD5AD68820B9D2E4001C940F /* Info.plist */,
			);
			path = CalculatorUITests;
			sourceTree = "<group>";
		};
/* End PBXGroup section */

/* Begin PBXNativeTarget section */
		CD5AD66220B9D2E1001C940F /* Calculator */ = {
			isa = PBXNativeTarget;
			buildConfigurationList = CD5AD68B20B9D2E4001C940F /* Build configuration list for PBXNativeTarget "Calculator" */;
			buildPhases = (
				CD5AD65F20B9D2E1001C940F /* Sources */,
				CD5AD66020B9D2E1001C940F /* Frameworks */,
				CD5AD66120B9D2E1001C940F /* Resources */,
			);
			buildRules = (
			);
			dependencies = (
			);
			name = Calculator;
			productName = Calculator;
			productReference = CD5AD66320B9D2E1001C940F /* Calculator.app */;
			productType = "com.apple.product-type.application";
		};
		CD5AD67620B9D2E4001C940F /* CalculatorTests */ = {
			isa = PBXNativeTarget;
			buildConfigurationList = CD5AD68E20B9D2E4001C940F /* Build configuration list for PBXNativeTarget "CalculatorTests" */;
			buildPhases = (
				CD5AD67320B9D2E4001C940F /* Sources */,
				CD5AD67420B9D2E4001C940F /* Frameworks */,
				CD5AD67520B9D2E4001C940F /* Resources */,
			);
			buildRules = (
			);
			dependencies = (
				CD5AD67920B9D2E4001C940F /* PBXTargetDependency */,
			);
			name = CalculatorTests;
			productName = CalculatorTests;
			productReference = CD5AD67720B9D2E4001C940F /* CalculatorTests.xctest */;
			productType = "com.apple.product-type.bundle.unit-test";
		};
		CD5AD68120B9D2E4001C940F /* CalculatorUITests */ = {
			isa = PBXNativeTarget;
			buildConfigurationList = CD5AD69120B9D2E4001C940F /* Build configuration list for PBXNativeTarget "CalculatorUITests" */;
			buildPhases = (
				CD5AD67E20B9D2E4001C940F /* Sources */,
				CD5AD67F20B9D2E4001C940F /* Frameworks */,
				CD5AD68020B9D2E4001C940F /* Resources */,
			);
			buildRules = (
			);
			dependencies = (
				CD5AD68420B9D2E4001C940F /* PBXTargetDependency */,
			);
			name = CalculatorUITests;
			productName = CalculatorUITests;
			productReference = CD5AD68220B9D2E4001C940F /* CalculatorUITests.xctest */;
			productType = "com.apple.product-type.bundle.ui-testing";
		};
/* End PBXNativeTarget section */

/* Begin PBXProject section */
		CD5AD65B20B9D2E1001C940F /* Project object */ = {
			isa = PBXProject;
			attributes = {
				LastSwiftUpdateCheck = 0930;
				LastUpgradeCheck = 0930;
				ORGANIZATIONNAME = "Cam Brannelly";
				TargetAttributes = {
					CD5AD66220B9D2E1001C940F = {
						CreatedOnToolsVersion = 9.3.1;
					};
					CD5AD67620B9D2E4001C940F = {
						CreatedOnToolsVersion = 9.3.1;
						TestTargetID = CD5AD66220B9D2E1001C940F;
					};
					CD5AD68120B9D2E4001C940F = {
						CreatedOnToolsVersion = 9.3.1;
						TestTargetID = CD5AD66220B9D2E1001C940F;
					};
				};
			};
			buildConfigurationList = CD5AD65E20B9D2E1001C940F /* Build configuration list for PBXProject "Calculator" */;
			compatibilityVersion = "Xcode 9.3";
			developmentRegion = en;
			hasScannedForEncodings = 0;
			knownRegions = (
				en,
				Base,
			);
			mainGroup = CD5AD65A20B9D2E1001C940F;
			productRefGroup = CD5AD66420B9D2E1001C940F /* Products */;
			projectDirPath = "";
			projectRoot = "";
			targets = (
				CD5AD66220B9D2E1001C940F /* Calculator */,
				CD5AD67620B9D2E4001C940F /* CalculatorTests */,
				CD5AD68120B9D2E4001C940F /* CalculatorUITests */,
			);
		};
/* End PBXProject section */

/* Begin PBXResourcesBuildPhase section */
		CD5AD66120B9D2E1001C940F /* Resources */ = {
			isa = PBXResourcesBuildPhase;
			buildActionMask = 2147483647;
			files = (
				CD5AD67120B9D2E4001C940F /* LaunchScreen.storyboard in Resources */,
				CD5AD66E20B9D2E4001C940F /* Assets.xcassets in Resources */,
				CD5AD66C20B9D2E2001C940F /* Main.storyboard in Resources */,
			);
			runOnlyForDeploymentPostprocessing = 0;
		};
		CD5AD67520B9D2E4001C940F /* Resources */ = {
			isa = PBXResourcesBuildPhase;
			buildActionMask = 2147483647;
			files = (
			);
			runOnlyForDeploymentPostprocessing = 0;
		};
		CD5AD68020B9D2E4001C940F /* Resources */ = {
			isa = PBXResourcesBuildPhase;
			buildActionMask = 2147483647;
			files = (
			);
			runOnlyForDeploymentPostprocessing = 0;
		};
/* End PBXResourcesBuildPhase section */

/* Begin PBXSourcesBuildPhase section */
		CD5AD65F20B9D2E1001C940F /* Sources */ = {
			isa = PBXSourcesBuildPhase;
			buildActionMask = 2147483647;
			files = (
				CD5AD66920B9D2E2001C940F /* ViewController.swift in Sources */,
				CD5AD66720B9D2E1001C940F /* AppDelegate.swift in Sources */,
			);
			runOnlyForDeploymentPostprocessing = 0;
		};
		CD5AD67320B9D2E4001C940F /* Sources */ = {
			isa = PBXSourcesBuildPhase;
			buildActionMask = 2147483647;
			files = (
				CD5AD67C20B9D2E4001C940F /* CalculatorTests.swift in Sources */,
			);
			runOnlyForDeploymentPostprocessing = 0;
		};
		CD5AD67E20B9D2E4001C940F /* Sources */ = {
			isa = PBXSourcesBuildPhase;
			buildActionMask = 2147483647;
			files = (
				CD5AD68720B9D2E4001C940F /* CalculatorUITests.swift in Sources */,
			);
			runOnlyForDeploymentPostprocessing = 0;
		};
/* End PBXSourcesBuildPhase section */

/* Begin PBXTargetDependency section */
		CD5AD67920B9D2E4001C940F /* PBXTargetDependency */ = {
			isa = PBXTargetDependency;
			target = CD5AD66220B9D2E1001C940F /* Calculator */;
			targetProxy = CD5AD67820B9D2E4001C940F /* PBXContainerItemProxy */;
		};
		CD5AD68420B9D2E4001C940F /* PBXTargetDependency */ = {
			isa = PBXTargetDependency;
			target = CD5AD66220B9D2E1001C940F /* Calculator */;
			targetProxy = CD5AD68320B9D2E4001C940F /* PBXContainerItemProxy */;
		};
/* End PBXTargetDependency section */

/* Begin PBXVariantGroup section */
		CD5AD66A20B9D2E2001C940F /* Main.storyboard */ = {
			isa = PBXVariantGroup;
			children = (
				CD5AD66B20B9D2E2001C940F /* Base */,
			);
			name = Main.storyboard;
			sourceTree = "<group>";
		};
		CD5AD66F20B9D2E4001C940F /* LaunchScreen.storyboard */ = {
			isa = PBXVariantGroup;
			children = (
				CD5AD67020B9D2E4001C940F /* Base */,
			);
			name = LaunchScreen.storyboard;
			sourceTree = "<group>";
		};
/* End PBXVariantGroup section */

/* Begin XCBuildConfiguration section */
		CD5AD68920B9D2E4001C940F /* Debug */ = {
			isa = XCBuildConfiguration;
			buildSettings = {
				ALWAYS_SEARCH_USER_PATHS = NO;
				CLANG_ANALYZER_NONNULL = YES;
				CLANG_ANALYZER_NUMBER_OBJECT_CONVERSION = YES_AGGRESSIVE;
				CLANG_CXX_LANGUAGE_STANDARD = "gnu++14";
				CLANG_CXX_LIBRARY = "libc++";
				CLANG_ENABLE_MODULES = YES;
				CLANG_ENABLE_OBJC_ARC = YES;
				CLANG_ENABLE_OBJC_WEAK = YES;
				CLANG_WARN_BLOCK_CAPTURE_AUTORELEASING = YES;
				CLANG_WARN_BOOL_CONVERSION = YES;
				CLANG_WARN_COMMA = YES;
				CLANG_WARN_CONSTANT_CONVERSION = YES;
				CLANG_WARN_DEPRECATED_OBJC_IMPLEMENTATIONS = YES;
				CLANG_WARN_DIRECT_OBJC_ISA_USAGE = YES_ERROR;
				CLANG_WARN_DOCUMENTATION_COMMENTS = YES;
				CLANG_WARN_EMPTY_BODY = YES;
				CLANG_WARN_ENUM_CONVERSION = YES;
				CLANG_WARN_INFINITE_RECURSION = YES;
				CLANG_WARN_INT_CONVERSION = YES;
				CLANG_WARN_NON_LITERAL_NULL_CONVERSION = YES;
				CLANG_WARN_OBJC_IMPLICIT_RETAIN_SELF = YES;
				CLANG_WARN_OBJC_LITERAL_CONVERSION = YES;
				CLANG_WARN_OBJC_ROOT_CLASS = YES_ERROR;
				CLANG_WARN_RANGE_LOOP_ANALYSIS = YES;
				CLANG_WARN_STRICT_PROTOTYPES = YES;
				CLANG_WARN_SUSPICIOUS_MOVE = YES;
				CLANG_WARN_UNGUARDED_AVAILABILITY = YES_AGGRESSIVE;
				CLANG_WARN_UNREACHABLE_CODE = YES;
				CLANG_WARN__DUPLICATE_METHOD_MATCH = YES;
				CODE_SIGN_IDENTITY = "iPhone Developer";
				COPY_PHASE_STRIP = NO;
				DEBUG_INFORMATION_FORMAT = dwarf;
				ENABLE_STRICT_OBJC_MSGSEND = YES;
				ENABLE_TESTABILITY = YES;
				GCC_C_LANGUAGE_STANDARD = gnu11;
				GCC_DYNAMIC_NO_PIC = NO;
				GCC_NO_COMMON_BLOCKS = YES;
				GCC_OPTIMIZATION_LEVEL = 0;
				GCC_PREPROCESSOR_DEFINITIONS = (
					"DEBUG=1",
					"$(inherited)",
				);
				GCC_WARN_64_TO_32_BIT_CONVERSION = YES;
				GCC_WARN_ABOUT_RETURN_TYPE = YES_ERROR;
				GCC_WARN_UNDECLARED_SELECTOR = YES;
				GCC_WARN_UNINITIALIZED_AUTOS = YES_AGGRESSIVE;
				GCC_WARN_UNUSED_FUNCTION = YES;
				GCC_WARN_UNUSED_VARIABLE = YES;
				IPHONEOS_DEPLOYMENT_TARGET = 11.3;
				MTL_ENABLE_DEBUG_INFO = YES;
				ONLY_ACTIVE_ARCH = YES;
				SDKROOT = iphoneos;
				SWIFT_ACTIVE_COMPILATION_CONDITIONS = DEBUG;
				SWIFT_OPTIMIZATION_LEVEL = "-Onone";
			};
			name = Debug;
		};
		CD5AD68A20B9D2E4001C940F /* Release */ = {
			isa = XCBuildConfiguration;
			buildSettings = {
				ALWAYS_SEARCH_USER_PATHS = NO;
				CLANG_ANALYZER_NONNULL = YES;
				CLANG_ANALYZER_NUMBER_OBJECT_CONVERSION = YES_AGGRESSIVE;
				CLANG_CXX_LANGUAGE_STANDARD = "gnu++14";
				CLANG_CXX_LIBRARY = "libc++";
				CLANG_ENABLE_MODULES = YES;
				CLANG_ENABLE_OBJC_ARC = YES;
				CLANG_ENABLE_OBJC_WEAK = YES;
				CLANG_WARN_BLOCK_CAPTURE_AUTORELEASING = YES;
				CLANG_WARN_BOOL_CONVERSION = YES;
				CLANG_WARN_COMMA = YES;
				CLANG_WARN_CONSTANT_CONVERSION = YES;
				CLANG_WARN_DEPRECATED_OBJC_IMPLEMENTATIONS = YES;
				CLANG_WARN_DIRECT_OBJC_ISA_USAGE = YES_ERROR;
				CLANG_WARN_DOCUMENTATION_COMMENTS = YES;
				CLANG_WARN_EMPTY_BODY = YES;
				CLANG_WARN_ENUM_CONVERSION = YES;
				CLANG_WARN_INFINITE_RECURSION = YES;
				CLANG_WARN_INT_CONVERSION = YES;
				CLANG_WARN_NON_LITERAL_NULL_CONVERSION = YES;
				CLANG_WARN_OBJC_IMPLICIT_RETAIN_SELF = YES;
				CLANG_WARN_OBJC_LITERAL_CONVERSION = YES;
				CLANG_WARN_OBJC_ROOT_CLASS = YES_ERROR;
				CLANG_WARN_RANGE_LOOP_ANALYSIS = YES;
				CLANG_WARN_STRICT_PROTOTYPES = YES;
				CLANG_WARN_SUSPICIOUS_MOVE = YES;
				CLANG_WARN_UNGUARDED_AVAILABILITY = YES_AGGRESSIVE;
				CLANG_WARN_UNREACHABLE_CODE = YES;
				CLANG_WARN__DUPLICATE_METHOD_MATCH = YES;
				CODE_SIGN_IDENTITY = "iPhone Developer";
				COPY_PHASE_STRIP = NO;
				DEBUG_INFORMATION_FORMAT = "dwarf-with-dsym";
				ENABLE_NS_ASSERTIONS = NO;
				ENABLE_STRICT_OBJC_MSGSEND = YES;
				GCC_C_LANGUAGE_STANDARD = gnu11;
				GCC_NO_COMMON_BLOCKS = YES;
				GCC_WARN_64_TO_32_BIT_CONVERSION = YES;
				GCC_WARN_ABOUT_RETURN_TYPE = YES_ERROR;
				GCC_WARN_UNDECLARED_SELECTOR = YES;
				GCC_WARN_UNINITIALIZED_AUTOS = YES_AGGRESSIVE;
				GCC_WARN_UNUSED_FUNCTION = YES;
				GCC_WARN_UNUSED_VARIABLE = YES;
				IPHONEOS_DEPLOYMENT_TARGET = 11.3;
				MTL_ENABLE_DEBUG_INFO = NO;
				SDKROOT = iphoneos;
				SWIFT_COMPILATION_MODE = wholemodule;
				SWIFT_OPTIMIZATION_LEVEL = "-O";
				VALIDATE_PRODUCT = YES;
			};
			name = Release;
		};
		CD5AD68C20B9D2E4001C940F /* Debug */ = {
			isa = XCBuildConfiguration;
			buildSettings = {
				ASSETCATALOG_COMPILER_APPICON_NAME = AppIcon;
				CODE_SIGN_STYLE = Automatic;
				DEVELOPMENT_TEAM = C78ZMY68BN;
				INFOPLIST_FILE = Calculator/Info.plist;
				LD_RUNPATH_SEARCH_PATHS = (
					"$(inherited)",
					"@executable_path/Frameworks",
				);
				PRODUCT_BUNDLE_IDENTIFIER = com.brannelly.Calculator;
				PRODUCT_NAME = "$(TARGET_NAME)";
				SWIFT_VERSION = 4.0;
				TARGETED_DEVICE_FAMILY = "1,2";
			};
			name = Debug;
		};
		CD5AD68D20B9D2E4001C940F /* Release */ = {
			isa = XCBuildConfiguration;
			buildSettings = {
				ASSETCATALOG_COMPILER_APPICON_NAME = AppIcon;
				CODE_SIGN_STYLE = Automatic;
				DEVELOPMENT_TEAM = C78ZMY68BN;
				INFOPLIST_FILE = Calculator/Info.plist;
				LD_RUNPATH_SEARCH_PATHS = (
					"$(inherited)",
					"@executable_path/Frameworks",
				);
				PRODUCT_BUNDLE_IDENTIFIER = com.brannelly.Calculator;
				PRODUCT_NAME = "$(TARGET_NAME)";
				SWIFT_VERSION = 4.0;
				TARGETED_DEVICE_FAMILY = "1,2";
			};
			name = Release;
		};
		CD5AD68F20B9D2E4001C940F /* Debug */ = {
			isa = XCBuildConfiguration;
			buildSettings = {
				ALWAYS_EMBED_SWIFT_STANDARD_LIBRARIES = YES;
				BUNDLE_LOADER = "$(TEST_HOST)";
				CODE_SIGN_STYLE = Automatic;
				DEVELOPMENT_TEAM = C78ZMY68BN;
				INFOPLIST_FILE = CalculatorTests/Info.plist;
				LD_RUNPATH_SEARCH_PATHS = (
					"$(inherited)",
					"@executable_path/Frameworks",
					"@loader_path/Frameworks",
				);
				PRODUCT_BUNDLE_IDENTIFIER = com.brannelly.CalculatorTests;
				PRODUCT_NAME = "$(TARGET_NAME)";
				SWIFT_VERSION = 4.0;
				TARGETED_DEVICE_FAMILY = "1,2";
				TEST_HOST = "$(BUILT_PRODUCTS_DIR)/Calculator.app/Calculator";
			};
			name = Debug;
		};
		CD5AD69020B9D2E4001C940F /* Release */ = {
			isa = XCBuildConfiguration;
			buildSettings = {
				ALWAYS_EMBED_SWIFT_STANDARD_LIBRARIES = YES;
				BUNDLE_LOADER = "$(TEST_HOST)";
				CODE_SIGN_STYLE = Automatic;
				DEVELOPMENT_TEAM = C78ZMY68BN;
				INFOPLIST_FILE = CalculatorTests/Info.plist;
				LD_RUNPATH_SEARCH_PATHS = (
					"$(inherited)",
					"@executable_path/Frameworks",
					"@loader_path/Frameworks",
				);
				PRODUCT_BUNDLE_IDENTIFIER = com.brannelly.CalculatorTests;
				PRODUCT_NAME = "$(TARGET_NAME)";
				SWIFT_VERSION = 4.0;
				TARGETED_DEVICE_FAMILY = "1,2";
				TEST_HOST = "$(BUILT_PRODUCTS_DIR)/Calculator.app/Calculator";
			};
			name = Release;
		};
		CD5AD69220B9D2E4001C940F /* Debug */ = {
			isa = XCBuildConfiguration;
			buildSettings = {
				ALWAYS_EMBED_SWIFT_STANDARD_LIBRARIES = YES;
				CODE_SIGN_STYLE = Automatic;
				DEVELOPMENT_TEAM = C78ZMY68BN;
				INFOPLIST_FILE = CalculatorUITests/Info.plist;
				LD_RUNPATH_SEARCH_PATHS = (
					"$(inherited)",
					"@executable_path/Frameworks",
					"@loader_path/Frameworks",
				);
				PRODUCT_BUNDLE_IDENTIFIER = com.brannelly.CalculatorUITests;
				PRODUCT_NAME = "$(TARGET_NAME)";
				SWIFT_VERSION = 4.0;
				TARGETED_DEVICE_FAMILY = "1,2";
				TEST_TARGET_NAME = Calculator;
			};
			name = Debug;
		};
		CD5AD69320B9D2E4001C940F /* Release */ = {
			isa = XCBuildConfiguration;
			buildSettings = {
				ALWAYS_EMBED_SWIFT_STANDARD_LIBRARIES = YES;
				CODE_SIGN_STYLE = Automatic;
				DEVELOPMENT_TEAM = C78ZMY68BN;
				INFOPLIST_FILE = CalculatorUITests/Info.plist;
				LD_RUNPATH_SEARCH_PATHS = (
					"$(inherited)",
					"@executable_path/Frameworks",
					"@loader_path/Frameworks",
				);
				PRODUCT_BUNDLE_IDENTIFIER = com.brannelly.CalculatorUITests;
				PRODUCT_NAME = "$(TARGET_NAME)";
				SWIFT_VERSION = 4.0;
				TARGETED_DEVICE_FAMILY = "1,2";
				TEST_TARGET_NAME = Calculator;
			};
			name = Release;
		};
/* End XCBuildConfiguration section */

/* Begin XCConfigurationList section */
		CD5AD65E20B9D2E1001C940F /* Build configuration list for PBXProject "Calculator" */ = {
			isa = XCConfigurationList;
			buildConfigurations = (
				CD5AD68920B9D2E4001C940F /* Debug */,
				CD5AD68A20B9D2E4001C940F /* Release */,
			);
			defaultConfigurationIsVisible = 0;
			defaultConfigurationName = Release;
		};
		CD5AD68B20B9D2E4001C940F /* Build configuration list for PBXNativeTarget "Calculator" */ = {
			isa = XCConfigurationList;
			buildConfigurations = (
				CD5AD68C20B9D2E4001C940F /* Debug */,
				CD5AD68D20B9D2E4001C940F /* Release */,
			);
			defaultConfigurationIsVisible = 0;
			defaultConfigurationName = Release;
		};
		CD5AD68E20B9D2E4001C940F /* Build configuration list for PBXNativeTarget "CalculatorTests" */ = {
			isa = XCConfigurationList;
			buildConfigurations = (
				CD5AD68F20B9D2E4001C940F /* Debug */,
				CD5AD69020B9D2E4001C940F /* Release */,
			);
			defaultConfigurationIsVisible = 0;
			defaultConfigurationName = Release;
		};
		CD5AD69120B9D2E4001C940F /* Build configuration list for PBXNativeTarget "CalculatorUITests" */ = {
			isa = XCConfigurationList;
			buildConfigurations = (
				CD5AD69220B9D2E4001C940F /* Debug */,
				CD5AD69320B9D2E4001C940F /* Release */,
			);
			defaultConfigurationIsVisible = 0;
			defaultConfigurationName = Release;
		};
/* End XCConfigurationList section */
	};
	rootObject = CD5AD65B20B9D2E1001C940F /* Project object */;
}
